
Microsoft Visual Studio Solution File, Format Version 12.00
# Visual Studio 15
VisualStudioVersion = 15.0.26430.16
MinimumVisualStudioVersion = 10.0.40219.1
Project("{FAE04EC0-301F-11D3-BF4B-00C04F79EFBC}") = "ScreenBuddies", "ScreenBuddies\ScreenBuddies.csproj", "{62295824-B28E-46FB-A92F-AA60DADB3C8C}"
EndProject
Project("{FAE04EC0-301F-11D3-BF4B-00C04F79EFBC}") = "Server", "Server\Server.csproj", "{2B75D912-670A-4E9A-8B93-865E19207FA6}"
EndProject
Global
	GlobalSection(SolutionConfigurationPlatforms) = preSolution
		Debug|Any CPU = Debug|Any CPU
		Release|Any CPU = Release|Any CPU
	EndGlobalSection
	GlobalSection(ProjectConfigurationPlatforms) = postSolution
		{62295824-B28E-46FB-A92F-AA60DADB3C8C}.Debug|Any CPU.ActiveCfg = Debug|Any CPU
		{62295824-B28E-46FB-A92F-AA60DADB3C8C}.Debug|Any CPU.Build.0 = Debug|Any CPU
		{62295824-B28E-46FB-A92F-AA60DADB3C8C}.Release|Any CPU.ActiveCfg = Release|Any CPU
		{62295824-B28E-46FB-A92F-AA60DADB3C8C}.Release|Any CPU.Build.0 = Release|Any CPU
		{2B75D912-670A-4E9A-8B93-865E19207FA6}.Debug|Any CPU.ActiveCfg = Debug|Any CPU
		{2B75D912-670A-4E9A-8B93-865E19207FA6}.Debug|Any CPU.Build.0 = Debug|Any CPU
		{2B75D912-670A-4E9A-8B93-865E19207FA6}.Release|Any CPU.ActiveCfg = Release|Any CPU
		{2B75D912-670A-4E9A-8B93-865E19207FA6}.Release|Any CPU.Build.0 = Release|Any CPU
	EndGlobalSection
	GlobalSection(SolutionProperties) = preSolution
		HideSolutionNode = FALSE
	EndGlobalSection
EndGlobal
